
Microsoft Visual Studio Solution File, Format Version 12.00
# Visual Studio Version 17
VisualStudioVersion = 17.5.002.0
MinimumVisualStudioVersion = 10.0.40219.1
Project("{9A19103F-16F7-4668-BE54-9A1E7A4F7556}") = "fixes", "fixes\fixes.csproj", "{68A7460E-0C1D-4395-91BA-8B4F6E38563E}"
EndProject
Global
	GlobalSection(SolutionConfigurationPlatforms) = preSolution
		Debug|Any CPU = Debug|Any CPU
		Release|Any CPU = Release|Any CPU
	EndGlobalSection
	GlobalSection(ProjectConfigurationPlatforms) = postSolution
		{68A7460E-0C1D-4395-91BA-8B4F6E38563E}.Debug|Any CPU.ActiveCfg = Debug|Any CPU
		{68A7460E-0C1D-4395-91BA-8B4F6E38563E}.Debug|Any CPU.Build.0 = Debug|Any CPU
		{68A7460E-0C1D-4395-91BA-8B4F6E38563E}.Release|Any CPU.ActiveCfg = Release|Any CPU
		{68A7460E-0C1D-4395-91BA-8B4F6E38563E}.Release|Any CPU.Build.0 = Release|Any CPU
	EndGlobalSection
	GlobalSection(SolutionProperties) = preSolution
		HideSolutionNode = FALSE
	EndGlobalSection
	GlobalSection(ExtensibilityGlobals) = postSolution
		SolutionGuid = {570F6855-E3DA-4C60-9BD2-62AFD1E706F6}
	EndGlobalSection
EndGlobal
