
Microsoft Visual Studio Solution File, Format Version 12.00
# Visual Studio Version 17
VisualStudioVersion = 17.5.002.0
MinimumVisualStudioVersion = 10.0.40219.1
Project("{9A19103F-16F7-4668-BE54-9A1E7A4F7556}") = "fixes", "fixes.csproj", "{99A5084F-817A-4D85-940A-836EC7637240}"
EndProject
Global
	GlobalSection(SolutionConfigurationPlatforms) = preSolution
		Debug|Any CPU = Debug|Any CPU
		Release|Any CPU = Release|Any CPU
	EndGlobalSection
	GlobalSection(ProjectConfigurationPlatforms) = postSolution
		{99A5084F-817A-4D85-940A-836EC7637240}.Debug|Any CPU.ActiveCfg = Debug|Any CPU
		{99A5084F-817A-4D85-940A-836EC7637240}.Debug|Any CPU.Build.0 = Debug|Any CPU
		{99A5084F-817A-4D85-940A-836EC7637240}.Release|Any CPU.ActiveCfg = Release|Any CPU
		{99A5084F-817A-4D85-940A-836EC7637240}.Release|Any CPU.Build.0 = Release|Any CPU
	EndGlobalSection
	GlobalSection(SolutionProperties) = preSolution
		HideSolutionNode = FALSE
	EndGlobalSection
	GlobalSection(ExtensibilityGlobals) = postSolution
		SolutionGuid = {6B875084-38F7-47CD-989C-7173DC641E17}
	EndGlobalSection
EndGlobal
